
Microsoft Visual Studio Solution File, Format Version 12.00
# Visual Studio Version 17
VisualStudioVersion = 17.11.35327.3
MinimumVisualStudioVersion = 10.0.40219.1
Project("{FAE04EC0-301F-11D3-BF4B-00C04F79EFBC}") = "backend", "backend.csproj", "{263CA4F5-1052-430B-B5B5-3751BECE2852}"
EndProject
Project("{00D1A9C2-B5F0-4AF3-8072-F6C62B433612}") = "CyberSecLearn", "..\CyberSecLearn\CyberSecLearn.sqlproj", "{9297A96C-C74A-48D4-882C-1597E254BEC6}"
EndProject
Global
	GlobalSection(SolutionConfigurationPlatforms) = preSolution
		Debug|Any CPU = Debug|Any CPU
		Release|Any CPU = Release|Any CPU
	EndGlobalSection
	GlobalSection(ProjectConfigurationPlatforms) = postSolution
		{263CA4F5-1052-430B-B5B5-3751BECE2852}.Debug|Any CPU.ActiveCfg = Debug|Any CPU
		{263CA4F5-1052-430B-B5B5-3751BECE2852}.Debug|Any CPU.Build.0 = Debug|Any CPU
		{263CA4F5-1052-430B-B5B5-3751BECE2852}.Release|Any CPU.ActiveCfg = Release|Any CPU
		{263CA4F5-1052-430B-B5B5-3751BECE2852}.Release|Any CPU.Build.0 = Release|Any CPU
		{9297A96C-C74A-48D4-882C-1597E254BEC6}.Debug|Any CPU.ActiveCfg = Debug|Any CPU
		{9297A96C-C74A-48D4-882C-1597E254BEC6}.Debug|Any CPU.Build.0 = Debug|Any CPU
		{9297A96C-C74A-48D4-882C-1597E254BEC6}.Debug|Any CPU.Deploy.0 = Debug|Any CPU
		{9297A96C-C74A-48D4-882C-1597E254BEC6}.Release|Any CPU.ActiveCfg = Release|Any CPU
		{9297A96C-C74A-48D4-882C-1597E254BEC6}.Release|Any CPU.Build.0 = Release|Any CPU
		{9297A96C-C74A-48D4-882C-1597E254BEC6}.Release|Any CPU.Deploy.0 = Release|Any CPU
	EndGlobalSection
	GlobalSection(SolutionProperties) = preSolution
		HideSolutionNode = FALSE
	EndGlobalSection
	GlobalSection(ExtensibilityGlobals) = postSolution
		SolutionGuid = {7A200697-BC40-4DFC-8EB2-F6FB4FA6E760}
	EndGlobalSection
EndGlobal
